// !$*UTF8*$!
{
	archiveVersion = 1;
	classes = {
	};
	objectVersion = 77;
	objects = {

/* Begin PBXContainerItemProxy section */
		C59C50F02CB87362005BFFFB /* PBXContainerItemProxy */ = {
			isa = PBXContainerItemProxy;
			containerPortal = C59C50CE2CB87361005BFFFB /* Project object */;
			proxyType = 1;
			remoteGlobalIDString = C59C50D52CB87361005BFFFB;
			remoteInfo = Walmart_Mauricio_Task;
		};
		C59C50FA2CB87362005BFFFB /* PBXContainerItemProxy */ = {
			isa = PBXContainerItemProxy;
			containerPortal = C59C50CE2CB87361005BFFFB /* Project object */;
			proxyType = 1;
			remoteGlobalIDString = C59C50D52CB87361005BFFFB;
			remoteInfo = Walmart_Mauricio_Task;
		};
/* End PBXContainerItemProxy section */

/* Begin PBXFileReference section */
		C59C50D62CB87361005BFFFB /* Walmart_Mauricio_Task.app */ = {isa = PBXFileReference; explicitFileType = wrapper.application; includeInIndex = 0; path = Walmart_Mauricio_Task.app; sourceTree = BUILT_PRODUCTS_DIR; };
		C59C50EF2CB87362005BFFFB /* Walmart_Mauricio_TaskTests.xctest */ = {isa = PBXFileReference; explicitFileType = wrapper.cfbundle; includeInIndex = 0; path = Walmart_Mauricio_TaskTests.xctest; sourceTree = BUILT_PRODUCTS_DIR; };
		C59C50F92CB87362005BFFFB /* Walmart_Mauricio_TaskUITests.xctest */ = {isa = PBXFileReference; explicitFileType = wrapper.cfbundle; includeInIndex = 0; path = Walmart_Mauricio_TaskUITests.xctest; sourceTree = BUILT_PRODUCTS_DIR; };
/* End PBXFileReference section */

/* Begin PBXFileSystemSynchronizedBuildFileExceptionSet section */
		C59C51012CB87362005BFFFB /* Exceptions for "Walmart_Mauricio_Task" folder in "Walmart_Mauricio_Task" target */ = {
			isa = PBXFileSystemSynchronizedBuildFileExceptionSet;
			membershipExceptions = (
				Info.plist,
			);
			target = C59C50D52CB87361005BFFFB /* Walmart_Mauricio_Task */;
		};
/* End PBXFileSystemSynchronizedBuildFileExceptionSet section */

/* Begin PBXFileSystemSynchronizedRootGroup section */
		C59C50D82CB87361005BFFFB /* Walmart_Mauricio_Task */ = {
			isa = PBXFileSystemSynchronizedRootGroup;
			exceptions = (
				C59C51012CB87362005BFFFB /* Exceptions for "Walmart_Mauricio_Task" folder in "Walmart_Mauricio_Task" target */,
			);
			path = Walmart_Mauricio_Task;
			sourceTree = "<group>";
		};
		C59C50F22CB87362005BFFFB /* Walmart_Mauricio_TaskTests */ = {
			isa = PBXFileSystemSynchronizedRootGroup;
			path = Walmart_Mauricio_TaskTests;
			sourceTree = "<group>";
		};
		C59C50FC2CB87362005BFFFB /* Walmart_Mauricio_TaskUITests */ = {
			isa = PBXFileSystemSynchronizedRootGroup;
			path = Walmart_Mauricio_TaskUITests;
			sourceTree = "<group>";
		};
/* End PBXFileSystemSynchronizedRootGroup section */

/* Begin PBXFrameworksBuildPhase section */
		C59C50D32CB87361005BFFFB /* Frameworks */ = {
			isa = PBXFrameworksBuildPhase;
			buildActionMask = 2147483647;
			files = (
			);
			runOnlyForDeploymentPostprocessing = 0;
		};
		C59C50EC2CB87362005BFFFB /* Frameworks */ = {
			isa = PBXFrameworksBuildPhase;
			buildActionMask = 2147483647;
			files = (
			);
			runOnlyForDeploymentPostprocessing = 0;
		};
		C59C50F62CB87362005BFFFB /* Frameworks */ = {
			isa = PBXFrameworksBuildPhase;
			buildActionMask = 2147483647;
			files = (
			);
			runOnlyForDeploymentPostprocessing = 0;
		};
/* End PBXFrameworksBuildPhase section */

/* Begin PBXGroup section */
		C59C50CD2CB87361005BFFFB = {
			isa = PBXGroup;
			children = (
				C59C50D82CB87361005BFFFB /* Walmart_Mauricio_Task */,
				C59C50F22CB87362005BFFFB /* Walmart_Mauricio_TaskTests */,
				C59C50FC2CB87362005BFFFB /* Walmart_Mauricio_TaskUITests */,
				C59C50D72CB87361005BFFFB /* Products */,
			);
			sourceTree = "<group>";
		};
		C59C50D72CB87361005BFFFB /* Products */ = {
			isa = PBXGroup;
			children = (
				C59C50D62CB87361005BFFFB /* Walmart_Mauricio_Task.app */,
				C59C50EF2CB87362005BFFFB /* Walmart_Mauricio_TaskTests.xctest */,
				C59C50F92CB87362005BFFFB /* Walmart_Mauricio_TaskUITests.xctest */,
			);
			name = Products;
			sourceTree = "<group>";
		};
/* End PBXGroup section */

/* Begin PBXNativeTarget section */
		C59C50D52CB87361005BFFFB /* Walmart_Mauricio_Task */ = {
			isa = PBXNativeTarget;
			buildConfigurationList = C59C51022CB87362005BFFFB /* Build configuration list for PBXNativeTarget "Walmart_Mauricio_Task" */;
			buildPhases = (
				C59C50D22CB87361005BFFFB /* Sources */,
				C59C50D32CB87361005BFFFB /* Frameworks */,
				C59C50D42CB87361005BFFFB /* Resources */,
			);
			buildRules = (
			);
			dependencies = (
			);
			fileSystemSynchronizedGroups = (
				C59C50D82CB87361005BFFFB /* Walmart_Mauricio_Task */,
			);
			name = Walmart_Mauricio_Task;
			packageProductDependencies = (
			);
			productName = Walmart_Mauricio_Task;
			productReference = C59C50D62CB87361005BFFFB /* Walmart_Mauricio_Task.app */;
			productType = "com.apple.product-type.application";
		};
		C59C50EE2CB87362005BFFFB /* Walmart_Mauricio_TaskTests */ = {
			isa = PBXNativeTarget;
			buildConfigurationList = C59C51072CB87362005BFFFB /* Build configuration list for PBXNativeTarget "Walmart_Mauricio_TaskTests" */;
			buildPhases = (
				C59C50EB2CB87362005BFFFB /* Sources */,
				C59C50EC2CB87362005BFFFB /* Frameworks */,
				C59C50ED2CB87362005BFFFB /* Resources */,
			);
			buildRules = (
			);
			dependencies = (
				C59C50F12CB87362005BFFFB /* PBXTargetDependency */,
			);
			fileSystemSynchronizedGroups = (
				C59C50F22CB87362005BFFFB /* Walmart_Mauricio_TaskTests */,
			);
			name = Walmart_Mauricio_TaskTests;
			packageProductDependencies = (
			);
			productName = Walmart_Mauricio_TaskTests;
			productReference = C59C50EF2CB87362005BFFFB /* Walmart_Mauricio_TaskTests.xctest */;
			productType = "com.apple.product-type.bundle.unit-test";
		};
		C59C50F82CB87362005BFFFB /* Walmart_Mauricio_TaskUITests */ = {
			isa = PBXNativeTarget;
			buildConfigurationList = C59C510A2CB87362005BFFFB /* Build configuration list for PBXNativeTarget "Walmart_Mauricio_TaskUITests" */;
			buildPhases = (
				C59C50F52CB87362005BFFFB /* Sources */,
				C59C50F62CB87362005BFFFB /* Frameworks */,
				C59C50F72CB87362005BFFFB /* Resources */,
			);
			buildRules = (
			);
			dependencies = (
				C59C50FB2CB87362005BFFFB /* PBXTargetDependency */,
			);
			fileSystemSynchronizedGroups = (
				C59C50FC2CB87362005BFFFB /* Walmart_Mauricio_TaskUITests */,
			);
			name = Walmart_Mauricio_TaskUITests;
			packageProductDependencies = (
			);
			productName = Walmart_Mauricio_TaskUITests;
			productReference = C59C50F92CB87362005BFFFB /* Walmart_Mauricio_TaskUITests.xctest */;
			productType = "com.apple.product-type.bundle.ui-testing";
		};
/* End PBXNativeTarget section */

/* Begin PBXProject section */
		C59C50CE2CB87361005BFFFB /* Project object */ = {
			isa = PBXProject;
			attributes = {
				BuildIndependentTargetsInParallel = 1;
				LastSwiftUpdateCheck = 1600;
				LastUpgradeCheck = 1600;
				TargetAttributes = {
					C59C50D52CB87361005BFFFB = {
						CreatedOnToolsVersion = 16.0;
					};
					C59C50EE2CB87362005BFFFB = {
						CreatedOnToolsVersion = 16.0;
						TestTargetID = C59C50D52CB87361005BFFFB;
					};
					C59C50F82CB87362005BFFFB = {
						CreatedOnToolsVersion = 16.0;
						TestTargetID = C59C50D52CB87361005BFFFB;
					};
				};
			};
			buildConfigurationList = C59C50D12CB87361005BFFFB /* Build configuration list for PBXProject "Walmart_Mauricio_Task" */;
			developmentRegion = en;
			hasScannedForEncodings = 0;
			knownRegions = (
				en,
				Base,
			);
			mainGroup = C59C50CD2CB87361005BFFFB;
			minimizedProjectReferenceProxies = 1;
			preferredProjectObjectVersion = 77;
			productRefGroup = C59C50D72CB87361005BFFFB /* Products */;
			projectDirPath = "";
			projectRoot = "";
			targets = (
				C59C50D52CB87361005BFFFB /* Walmart_Mauricio_Task */,
				C59C50EE2CB87362005BFFFB /* Walmart_Mauricio_TaskTests */,
				C59C50F82CB87362005BFFFB /* Walmart_Mauricio_TaskUITests */,
			);
		};
/* End PBXProject section */

/* Begin PBXResourcesBuildPhase section */
		C59C50D42CB87361005BFFFB /* Resources */ = {
			isa = PBXResourcesBuildPhase;
			buildActionMask = 2147483647;
			files = (
			);
			runOnlyForDeploymentPostprocessing = 0;
		};
		C59C50ED2CB87362005BFFFB /* Resources */ = {
			isa = PBXResourcesBuildPhase;
			buildActionMask = 2147483647;
			files = (
			);
			runOnlyForDeploymentPostprocessing = 0;
		};
		C59C50F72CB87362005BFFFB /* Resources */ = {
			isa = PBXResourcesBuildPhase;
			buildActionMask = 2147483647;
			files = (
			);
			runOnlyForDeploymentPostprocessing = 0;
		};
/* End PBXResourcesBuildPhase section */

/* Begin PBXSourcesBuildPhase section */
		C59C50D22CB87361005BFFFB /* Sources */ = {
			isa = PBXSourcesBuildPhase;
			buildActionMask = 2147483647;
			files = (
			);
			runOnlyForDeploymentPostprocessing = 0;
		};
		C59C50EB2CB87362005BFFFB /* Sources */ = {
			isa = PBXSourcesBuildPhase;
			buildActionMask = 2147483647;
			files = (
			);
			runOnlyForDeploymentPostprocessing = 0;
		};
		C59C50F52CB87362005BFFFB /* Sources */ = {
			isa = PBXSourcesBuildPhase;
			buildActionMask = 2147483647;
			files = (
			);
			runOnlyForDeploymentPostprocessing = 0;
		};
/* End PBXSourcesBuildPhase section */

/* Begin PBXTargetDependency section */
		C59C50F12CB87362005BFFFB /* PBXTargetDependency */ = {
			isa = PBXTargetDependency;
			target = C59C50D52CB87361005BFFFB /* Walmart_Mauricio_Task */;
			targetProxy = C59C50F02CB87362005BFFFB /* PBXContainerItemProxy */;
		};
		C59C50FB2CB87362005BFFFB /* PBXTargetDependency */ = {
			isa = PBXTargetDependency;
			target = C59C50D52CB87361005BFFFB /* Walmart_Mauricio_Task */;
			targetProxy = C59C50FA2CB87362005BFFFB /* PBXContainerItemProxy */;
		};
/* End PBXTargetDependency section */

/* Begin XCBuildConfiguration section */
		C59C51032CB87362005BFFFB /* Debug */ = {
			isa = XCBuildConfiguration;
			buildSettings = {
				ASSETCATALOG_COMPILER_APPICON_NAME = AppIcon;
				ASSETCATALOG_COMPILER_GLOBAL_ACCENT_COLOR_NAME = AccentColor;
				CODE_SIGN_IDENTITY = "Apple Development";
				CODE_SIGN_STYLE = Automatic;
				CURRENT_PROJECT_VERSION = 1;
				DEVELOPMENT_TEAM = XV272CGUK8;
				GENERATE_INFOPLIST_FILE = YES;
				INFOPLIST_FILE = Walmart_Mauricio_Task/Info.plist;
				INFOPLIST_KEY_UIApplicationSupportsIndirectInputEvents = YES;
				INFOPLIST_KEY_UILaunchStoryboardName = LaunchScreen;
				INFOPLIST_KEY_UIMainStoryboardFile = Main;
				INFOPLIST_KEY_UISupportedInterfaceOrientations_iPad = "UIInterfaceOrientationPortrait UIInterfaceOrientationPortraitUpsideDown UIInterfaceOrientationLandscapeLeft UIInterfaceOrientationLandscapeRight";
				INFOPLIST_KEY_UISupportedInterfaceOrientations_iPhone = "UIInterfaceOrientationPortrait UIInterfaceOrientationLandscapeLeft UIInterfaceOrientationLandscapeRight";
				LD_RUNPATH_SEARCH_PATHS = (
					"$(inherited)",
					"@executable_path/Frameworks",
				);
				MARKETING_VERSION = 1.0;
				PRODUCT_BUNDLE_IDENTIFIER = "com.maurzac.Walmart-Mauricio-Task";
				PRODUCT_NAME = "$(TARGET_NAME)";
				PROVISIONING_PROFILE_SPECIFIER = "";
				SWIFT_EMIT_LOC_STRINGS = YES;
				SWIFT_VERSION = 5.0;
				TARGETED_DEVICE_FAMILY = "1,2";
			};
			name = Debug;
		};
		C59C51042CB87362005BFFFB /* Release */ = {
			isa = XCBuildConfiguration;
			buildSettings = {
				ASSETCATALOG_COMPILER_APPICON_NAME = AppIcon;
				ASSETCATALOG_COMPILER_GLOBAL_ACCENT_COLOR_NAME = AccentColor;
				CODE_SIGN_IDENTITY = "Apple Development";
				CODE_SIGN_STYLE = Automatic;
				CURRENT_PROJECT_VERSION = 1;
				DEVELOPMENT_TEAM = XV272CGUK8;
				GENERATE_INFOPLIST_FILE = YES;
				INFOPLIST_FILE = Walmart_Mauricio_Task/Info.plist;
				INFOPLIST_KEY_UIApplicationSupportsIndirectInputEvents = YES;
				INFOPLIST_KEY_UILaunchStoryboardName = LaunchScreen;
				INFOPLIST_KEY_UIMainStoryboardFile = Main;
				INFOPLIST_KEY_UISupportedInterfaceOrientations_iPad = "UIInterfaceOrientationPortrait UIInterfaceOrientationPortraitUpsideDown UIInterfaceOrientationLandscapeLeft UIInterfaceOrientationLandscapeRight";
				INFOPLIST_KEY_UISupportedInterfaceOrientations_iPhone = "UIInterfaceOrientationPortrait UIInterfaceOrientationLandscapeLeft UIInterfaceOrientationLandscapeRight";
				LD_RUNPATH_SEARCH_PATHS = (
					"$(inherited)",
					"@executable_path/Frameworks",
				);
				MARKETING_VERSION = 1.0;
				PRODUCT_BUNDLE_IDENTIFIER = "com.maurzac.Walmart-Mauricio-Task";
				PRODUCT_NAME = "$(TARGET_NAME)";
				PROVISIONING_PROFILE_SPECIFIER = "";
				SWIFT_EMIT_LOC_STRINGS = YES;
				SWIFT_VERSION = 5.0;
				TARGETED_DEVICE_FAMILY = "1,2";
			};
			name = Release;
		};
		C59C51052CB87362005BFFFB /* Debug */ = {
			isa = XCBuildConfiguration;
			buildSettings = {
				ALWAYS_SEARCH_USER_PATHS = NO;
				ASSETCATALOG_COMPILER_GENERATE_SWIFT_ASSET_SYMBOL_EXTENSIONS = YES;
				CLANG_ANALYZER_NONNULL = YES;
				CLANG_ANALYZER_NUMBER_OBJECT_CONVERSION = YES_AGGRESSIVE;
				CLANG_CXX_LANGUAGE_STANDARD = "gnu++20";
				CLANG_ENABLE_MODULES = YES;
				CLANG_ENABLE_OBJC_ARC = YES;
				CLANG_ENABLE_OBJC_WEAK = YES;
				CLANG_WARN_BLOCK_CAPTURE_AUTORELEASING = YES;
				CLANG_WARN_BOOL_CONVERSION = YES;
				CLANG_WARN_COMMA = YES;
				CLANG_WARN_CONSTANT_CONVERSION = YES;
				CLANG_WARN_DEPRECATED_OBJC_IMPLEMENTATIONS = YES;
				CLANG_WARN_DIRECT_OBJC_ISA_USAGE = YES_ERROR;
				CLANG_WARN_DOCUMENTATION_COMMENTS = YES;
				CLANG_WARN_EMPTY_BODY = YES;
				CLANG_WARN_ENUM_CONVERSION = YES;
				CLANG_WARN_INFINITE_RECURSION = YES;
				CLANG_WARN_INT_CONVERSION = YES;
				CLANG_WARN_NON_LITERAL_NULL_CONVERSION = YES;
				CLANG_WARN_OBJC_IMPLICIT_RETAIN_SELF = YES;
				CLANG_WARN_OBJC_LITERAL_CONVERSION = YES;
				CLANG_WARN_OBJC_ROOT_CLASS = YES_ERROR;
				CLANG_WARN_QUOTED_INCLUDE_IN_FRAMEWORK_HEADER = YES;
				CLANG_WARN_RANGE_LOOP_ANALYSIS = YES;
				CLANG_WARN_STRICT_PROTOTYPES = YES;
				CLANG_WARN_SUSPICIOUS_MOVE = YES;
				CLANG_WARN_UNGUARDED_AVAILABILITY = YES_AGGRESSIVE;
				CLANG_WARN_UNREACHABLE_CODE = YES;
				CLANG_WARN__DUPLICATE_METHOD_MATCH = YES;
				COPY_PHASE_STRIP = NO;
				DEBUG_INFORMATION_FORMAT = dwarf;
				ENABLE_STRICT_OBJC_MSGSEND = YES;
				ENABLE_TESTABILITY = YES;
				ENABLE_USER_SCRIPT_SANDBOXING = YES;
				GCC_C_LANGUAGE_STANDARD = gnu17;
				GCC_DYNAMIC_NO_PIC = NO;
				GCC_NO_COMMON_BLOCKS = YES;
				GCC_OPTIMIZATION_LEVEL = 0;
				GCC_PREPROCESSOR_DEFINITIONS = (
					"DEBUG=1",
					"$(inherited)",
				);
				GCC_WARN_64_TO_32_BIT_CONVERSION = YES;
				GCC_WARN_ABOUT_RETURN_TYPE = YES_ERROR;
				GCC_WARN_UNDECLARED_SELECTOR = YES;
				GCC_WARN_UNINITIALIZED_AUTOS = YES_AGGRESSIVE;
				GCC_WARN_UNUSED_FUNCTION = YES;
				GCC_WARN_UNUSED_VARIABLE = YES;
				IPHONEOS_DEPLOYMENT_TARGET = 18.0;
				LOCALIZATION_PREFERS_STRING_CATALOGS = YES;
				MTL_ENABLE_DEBUG_INFO = INCLUDE_SOURCE;
				MTL_FAST_MATH = YES;
				ONLY_ACTIVE_ARCH = YES;
				SDKROOT = iphoneos;
				SWIFT_ACTIVE_COMPILATION_CONDITIONS = "DEBUG $(inherited)";
				SWIFT_OPTIMIZATION_LEVEL = "-Onone";
			};
			name = Debug;
		};
		C59C51062CB87362005BFFFB /* Release */ = {
			isa = XCBuildConfiguration;
			buildSettings = {
				ALWAYS_SEARCH_USER_PATHS = NO;
				ASSETCATALOG_COMPILER_GENERATE_SWIFT_ASSET_SYMBOL_EXTENSIONS = YES;
				CLANG_ANALYZER_NONNULL = YES;
				CLANG_ANALYZER_NUMBER_OBJECT_CONVERSION = YES_AGGRESSIVE;
				CLANG_CXX_LANGUAGE_STANDARD = "gnu++20";
				CLANG_ENABLE_MODULES = YES;
				CLANG_ENABLE_OBJC_ARC = YES;
				CLANG_ENABLE_OBJC_WEAK = YES;
				CLANG_WARN_BLOCK_CAPTURE_AUTORELEASING = YES;
				CLANG_WARN_BOOL_CONVERSION = YES;
				CLANG_WARN_COMMA = YES;
				CLANG_WARN_CONSTANT_CONVERSION = YES;
				CLANG_WARN_DEPRECATED_OBJC_IMPLEMENTATIONS = YES;
				CLANG_WARN_DIRECT_OBJC_ISA_USAGE = YES_ERROR;
				CLANG_WARN_DOCUMENTATION_COMMENTS = YES;
				CLANG_WARN_EMPTY_BODY = YES;
				CLANG_WARN_ENUM_CONVERSION = YES;
				CLANG_WARN_INFINITE_RECURSION = YES;
				CLANG_WARN_INT_CONVERSION = YES;
				CLANG_WARN_NON_LITERAL_NULL_CONVERSION = YES;
				CLANG_WARN_OBJC_IMPLICIT_RETAIN_SELF = YES;
				CLANG_WARN_OBJC_LITERAL_CONVERSION = YES;
				CLANG_WARN_OBJC_ROOT_CLASS = YES_ERROR;
				CLANG_WARN_QUOTED_INCLUDE_IN_FRAMEWORK_HEADER = YES;
				CLANG_WARN_RANGE_LOOP_ANALYSIS = YES;
				CLANG_WARN_STRICT_PROTOTYPES = YES;
				CLANG_WARN_SUSPICIOUS_MOVE = YES;
				CLANG_WARN_UNGUARDED_AVAILABILITY = YES_AGGRESSIVE;
				CLANG_WARN_UNREACHABLE_CODE = YES;
				CLANG_WARN__DUPLICATE_METHOD_MATCH = YES;
				COPY_PHASE_STRIP = NO;
				DEBUG_INFORMATION_FORMAT = "dwarf-with-dsym";
				ENABLE_NS_ASSERTIONS = NO;
				ENABLE_STRICT_OBJC_MSGSEND = YES;
				ENABLE_USER_SCRIPT_SANDBOXING = YES;
				GCC_C_LANGUAGE_STANDARD = gnu17;
				GCC_NO_COMMON_BLOCKS = YES;
				GCC_WARN_64_TO_32_BIT_CONVERSION = YES;
				GCC_WARN_ABOUT_RETURN_TYPE = YES_ERROR;
				GCC_WARN_UNDECLARED_SELECTOR = YES;
				GCC_WARN_UNINITIALIZED_AUTOS = YES_AGGRESSIVE;
				GCC_WARN_UNUSED_FUNCTION = YES;
				GCC_WARN_UNUSED_VARIABLE = YES;
				IPHONEOS_DEPLOYMENT_TARGET = 18.0;
				LOCALIZATION_PREFERS_STRING_CATALOGS = YES;
				MTL_ENABLE_DEBUG_INFO = NO;
				MTL_FAST_MATH = YES;
				SDKROOT = iphoneos;
				SWIFT_COMPILATION_MODE = wholemodule;
				VALIDATE_PRODUCT = YES;
			};
			name = Release;
		};
		C59C51082CB87362005BFFFB /* Debug */ = {
			isa = XCBuildConfiguration;
			buildSettings = {
				BUNDLE_LOADER = "$(TEST_HOST)";
				CODE_SIGN_STYLE = Automatic;
				CURRENT_PROJECT_VERSION = 1;
				DEVELOPMENT_TEAM = XV272CGUK8;
				GENERATE_INFOPLIST_FILE = YES;
				IPHONEOS_DEPLOYMENT_TARGET = 18.0;
				MARKETING_VERSION = 1.0;
				PRODUCT_BUNDLE_IDENTIFIER = "com.maurzac.Walmart-Mauricio-TaskTests";
				PRODUCT_NAME = "$(TARGET_NAME)";
				SWIFT_EMIT_LOC_STRINGS = NO;
				SWIFT_VERSION = 5.0;
				TARGETED_DEVICE_FAMILY = "1,2";
				TEST_HOST = "$(BUILT_PRODUCTS_DIR)/Walmart_Mauricio_Task.app/$(BUNDLE_EXECUTABLE_FOLDER_PATH)/Walmart_Mauricio_Task";
			};
			name = Debug;
		};
		C59C51092CB87362005BFFFB /* Release */ = {
			isa = XCBuildConfiguration;
			buildSettings = {
				BUNDLE_LOADER = "$(TEST_HOST)";
				CODE_SIGN_STYLE = Automatic;
				CURRENT_PROJECT_VERSION = 1;
				DEVELOPMENT_TEAM = XV272CGUK8;
				GENERATE_INFOPLIST_FILE = YES;
				IPHONEOS_DEPLOYMENT_TARGET = 18.0;
				MARKETING_VERSION = 1.0;
				PRODUCT_BUNDLE_IDENTIFIER = "com.maurzac.Walmart-Mauricio-TaskTests";
				PRODUCT_NAME = "$(TARGET_NAME)";
				SWIFT_EMIT_LOC_STRINGS = NO;
				SWIFT_VERSION = 5.0;
				TARGETED_DEVICE_FAMILY = "1,2";
				TEST_HOST = "$(BUILT_PRODUCTS_DIR)/Walmart_Mauricio_Task.app/$(BUNDLE_EXECUTABLE_FOLDER_PATH)/Walmart_Mauricio_Task";
			};
			name = Release;
		};
		C59C510B2CB87362005BFFFB /* Debug */ = {
			isa = XCBuildConfiguration;
			buildSettings = {
				CODE_SIGN_STYLE = Automatic;
				CURRENT_PROJECT_VERSION = 1;
				DEVELOPMENT_TEAM = XV272CGUK8;
				GENERATE_INFOPLIST_FILE = YES;
				MARKETING_VERSION = 1.0;
				PRODUCT_BUNDLE_IDENTIFIER = "com.maurzac.Walmart-Mauricio-TaskUITests";
				PRODUCT_NAME = "$(TARGET_NAME)";
				SWIFT_EMIT_LOC_STRINGS = NO;
				SWIFT_VERSION = 5.0;
				TARGETED_DEVICE_FAMILY = "1,2";
				TEST_TARGET_NAME = Walmart_Mauricio_Task;
			};
			name = Debug;
		};
		C59C510C2CB87362005BFFFB /* Release */ = {
			isa = XCBuildConfiguration;
			buildSettings = {
				CODE_SIGN_STYLE = Automatic;
				CURRENT_PROJECT_VERSION = 1;
				DEVELOPMENT_TEAM = XV272CGUK8;
				GENERATE_INFOPLIST_FILE = YES;
				MARKETING_VERSION = 1.0;
				PRODUCT_BUNDLE_IDENTIFIER = "com.maurzac.Walmart-Mauricio-TaskUITests";
				PRODUCT_NAME = "$(TARGET_NAME)";
				SWIFT_EMIT_LOC_STRINGS = NO;
				SWIFT_VERSION = 5.0;
				TARGETED_DEVICE_FAMILY = "1,2";
				TEST_TARGET_NAME = Walmart_Mauricio_Task;
			};
			name = Release;
		};
/* End XCBuildConfiguration section */

/* Begin XCConfigurationList section */
		C59C50D12CB87361005BFFFB /* Build configuration list for PBXProject "Walmart_Mauricio_Task" */ = {
			isa = XCConfigurationList;
			buildConfigurations = (
				C59C51052CB87362005BFFFB /* Debug */,
				C59C51062CB87362005BFFFB /* Release */,
			);
			defaultConfigurationIsVisible = 0;
			defaultConfigurationName = Release;
		};
		C59C51022CB87362005BFFFB /* Build configuration list for PBXNativeTarget "Walmart_Mauricio_Task" */ = {
			isa = XCConfigurationList;
			buildConfigurations = (
				C59C51032CB87362005BFFFB /* Debug */,
				C59C51042CB87362005BFFFB /* Release */,
			);
			defaultConfigurationIsVisible = 0;
			defaultConfigurationName = Release;
		};
		C59C51072CB87362005BFFFB /* Build configuration list for PBXNativeTarget "Walmart_Mauricio_TaskTests" */ = {
			isa = XCConfigurationList;
			buildConfigurations = (
				C59C51082CB87362005BFFFB /* Debug */,
				C59C51092CB87362005BFFFB /* Release */,
			);
			defaultConfigurationIsVisible = 0;
			defaultConfigurationName = Release;
		};
		C59C510A2CB87362005BFFFB /* Build configuration list for PBXNativeTarget "Walmart_Mauricio_TaskUITests" */ = {
			isa = XCConfigurationList;
			buildConfigurations = (
				C59C510B2CB87362005BFFFB /* Debug */,
				C59C510C2CB87362005BFFFB /* Release */,
			);
			defaultConfigurationIsVisible = 0;
			defaultConfigurationName = Release;
		};
/* End XCConfigurationList section */
	};
	rootObject = C59C50CE2CB87361005BFFFB /* Project object */;
}
